
Microsoft Visual Studio Solution File, Format Version 12.00
# Visual Studio Version 16
VisualStudioVersion = 16.0.31005.135
MinimumVisualStudioVersion = 10.0.40219.1
Project("{FAE04EC0-301F-11D3-BF4B-00C04F79EFBC}") = "LinqClassPractice", "LinqClassPractice\LinqClassPractice.csproj", "{3475A9A1-FE78-4418-8C16-04229F7A834B}"
EndProject
Global
	GlobalSection(SolutionConfigurationPlatforms) = preSolution
		Debug|Any CPU = Debug|Any CPU
		Release|Any CPU = Release|Any CPU
	EndGlobalSection
	GlobalSection(ProjectConfigurationPlatforms) = postSolution
		{3475A9A1-FE78-4418-8C16-04229F7A834B}.Debug|Any CPU.ActiveCfg = Debug|Any CPU
		{3475A9A1-FE78-4418-8C16-04229F7A834B}.Debug|Any CPU.Build.0 = Debug|Any CPU
		{3475A9A1-FE78-4418-8C16-04229F7A834B}.Release|Any CPU.ActiveCfg = Release|Any CPU
		{3475A9A1-FE78-4418-8C16-04229F7A834B}.Release|Any CPU.Build.0 = Release|Any CPU
	EndGlobalSection
	GlobalSection(SolutionProperties) = preSolution
		HideSolutionNode = FALSE
	EndGlobalSection
	GlobalSection(ExtensibilityGlobals) = postSolution
		SolutionGuid = {4CAB7719-2592-4C23-9B00-3EA2C46F9DB0}
	EndGlobalSection
EndGlobal
