
Microsoft Visual Studio Solution File, Format Version 12.00
# Visual Studio Version 16
VisualStudioVersion = 16.0.31005.135
MinimumVisualStudioVersion = 10.0.40219.1
Project("{FAE04EC0-301F-11D3-BF4B-00C04F79EFBC}") = "MasterMind", "MasterMind\MasterMind.csproj", "{B2BC6631-2588-4F1F-9EFB-941E95A02509}"
EndProject
Global
	GlobalSection(SolutionConfigurationPlatforms) = preSolution
		Debug|Any CPU = Debug|Any CPU
		Release|Any CPU = Release|Any CPU
	EndGlobalSection
	GlobalSection(ProjectConfigurationPlatforms) = postSolution
		{B2BC6631-2588-4F1F-9EFB-941E95A02509}.Debug|Any CPU.ActiveCfg = Debug|Any CPU
		{B2BC6631-2588-4F1F-9EFB-941E95A02509}.Debug|Any CPU.Build.0 = Debug|Any CPU
		{B2BC6631-2588-4F1F-9EFB-941E95A02509}.Release|Any CPU.ActiveCfg = Release|Any CPU
		{B2BC6631-2588-4F1F-9EFB-941E95A02509}.Release|Any CPU.Build.0 = Release|Any CPU
	EndGlobalSection
	GlobalSection(SolutionProperties) = preSolution
		HideSolutionNode = FALSE
	EndGlobalSection
	GlobalSection(ExtensibilityGlobals) = postSolution
		SolutionGuid = {621B5194-744A-4AB4-B7A6-0FEE2DD96DF0}
	EndGlobalSection
EndGlobal
