
Microsoft Visual Studio Solution File, Format Version 12.00
# Visual Studio Version 16
VisualStudioVersion = 16.0.31005.135
MinimumVisualStudioVersion = 10.0.40219.1
Project("{FAE04EC0-301F-11D3-BF4B-00C04F79EFBC}") = "TDDTask", "TDDTask\TDDTask.csproj", "{73A3DF7A-92B4-443D-8CCD-6144B3F995DF}"
EndProject
Project("{FAE04EC0-301F-11D3-BF4B-00C04F79EFBC}") = "TDDTask.Tests", "TDDTask.Tests\TDDTask.Tests.csproj", "{377EFEC0-F30D-46DC-ADAD-A81CDC685DBD}"
EndProject
Global
	GlobalSection(SolutionConfigurationPlatforms) = preSolution
		Debug|Any CPU = Debug|Any CPU
		Release|Any CPU = Release|Any CPU
	EndGlobalSection
	GlobalSection(ProjectConfigurationPlatforms) = postSolution
		{73A3DF7A-92B4-443D-8CCD-6144B3F995DF}.Debug|Any CPU.ActiveCfg = Debug|Any CPU
		{73A3DF7A-92B4-443D-8CCD-6144B3F995DF}.Debug|Any CPU.Build.0 = Debug|Any CPU
		{73A3DF7A-92B4-443D-8CCD-6144B3F995DF}.Release|Any CPU.ActiveCfg = Release|Any CPU
		{73A3DF7A-92B4-443D-8CCD-6144B3F995DF}.Release|Any CPU.Build.0 = Release|Any CPU
		{377EFEC0-F30D-46DC-ADAD-A81CDC685DBD}.Debug|Any CPU.ActiveCfg = Debug|Any CPU
		{377EFEC0-F30D-46DC-ADAD-A81CDC685DBD}.Debug|Any CPU.Build.0 = Debug|Any CPU
		{377EFEC0-F30D-46DC-ADAD-A81CDC685DBD}.Release|Any CPU.ActiveCfg = Release|Any CPU
		{377EFEC0-F30D-46DC-ADAD-A81CDC685DBD}.Release|Any CPU.Build.0 = Release|Any CPU
	EndGlobalSection
	GlobalSection(SolutionProperties) = preSolution
		HideSolutionNode = FALSE
	EndGlobalSection
	GlobalSection(ExtensibilityGlobals) = postSolution
		SolutionGuid = {AD9476DF-0A93-455E-AB25-CBEAD75490A8}
	EndGlobalSection
EndGlobal
