
Microsoft Visual Studio Solution File, Format Version 12.00
# Visual Studio Version 16
VisualStudioVersion = 16.0.31005.135
MinimumVisualStudioVersion = 10.0.40219.1
Project("{FAE04EC0-301F-11D3-BF4B-00C04F79EFBC}") = "BullsAndCows", "BullsAndCows\BullsAndCows.csproj", "{10B51124-A743-4217-9927-6A503FB2AED5}"
EndProject
Global
	GlobalSection(SolutionConfigurationPlatforms) = preSolution
		Debug|Any CPU = Debug|Any CPU
		Release|Any CPU = Release|Any CPU
	EndGlobalSection
	GlobalSection(ProjectConfigurationPlatforms) = postSolution
		{10B51124-A743-4217-9927-6A503FB2AED5}.Debug|Any CPU.ActiveCfg = Debug|Any CPU
		{10B51124-A743-4217-9927-6A503FB2AED5}.Debug|Any CPU.Build.0 = Debug|Any CPU
		{10B51124-A743-4217-9927-6A503FB2AED5}.Release|Any CPU.ActiveCfg = Release|Any CPU
		{10B51124-A743-4217-9927-6A503FB2AED5}.Release|Any CPU.Build.0 = Release|Any CPU
	EndGlobalSection
	GlobalSection(SolutionProperties) = preSolution
		HideSolutionNode = FALSE
	EndGlobalSection
	GlobalSection(ExtensibilityGlobals) = postSolution
		SolutionGuid = {AFFC7124-0306-4018-A69F-E3B21AD34304}
	EndGlobalSection
EndGlobal
