
Microsoft Visual Studio Solution File, Format Version 12.00
# Visual Studio Version 16
VisualStudioVersion = 16.0.31005.135
MinimumVisualStudioVersion = 10.0.40219.1
Project("{FAE04EC0-301F-11D3-BF4B-00C04F79EFBC}") = "Threads", "Threads\Threads.csproj", "{180267F7-A016-43E7-9DD7-91B09BC48D07}"
EndProject
Global
	GlobalSection(SolutionConfigurationPlatforms) = preSolution
		Debug|Any CPU = Debug|Any CPU
		Release|Any CPU = Release|Any CPU
	EndGlobalSection
	GlobalSection(ProjectConfigurationPlatforms) = postSolution
		{180267F7-A016-43E7-9DD7-91B09BC48D07}.Debug|Any CPU.ActiveCfg = Debug|Any CPU
		{180267F7-A016-43E7-9DD7-91B09BC48D07}.Debug|Any CPU.Build.0 = Debug|Any CPU
		{180267F7-A016-43E7-9DD7-91B09BC48D07}.Release|Any CPU.ActiveCfg = Release|Any CPU
		{180267F7-A016-43E7-9DD7-91B09BC48D07}.Release|Any CPU.Build.0 = Release|Any CPU
	EndGlobalSection
	GlobalSection(SolutionProperties) = preSolution
		HideSolutionNode = FALSE
	EndGlobalSection
	GlobalSection(ExtensibilityGlobals) = postSolution
		SolutionGuid = {D2A9BB6A-6DD7-4114-8D51-2620A925BC69}
	EndGlobalSection
EndGlobal
