
Microsoft Visual Studio Solution File, Format Version 12.00
# Visual Studio Version 16
VisualStudioVersion = 16.0.31005.135
MinimumVisualStudioVersion = 10.0.40219.1
Project("{FAE04EC0-301F-11D3-BF4B-00C04F79EFBC}") = "FileManager", "FileManager\FileManager.csproj", "{35E56EEA-4638-4E6A-83EA-131323DE374A}"
EndProject
Global
	GlobalSection(SolutionConfigurationPlatforms) = preSolution
		Debug|Any CPU = Debug|Any CPU
		Release|Any CPU = Release|Any CPU
	EndGlobalSection
	GlobalSection(ProjectConfigurationPlatforms) = postSolution
		{35E56EEA-4638-4E6A-83EA-131323DE374A}.Debug|Any CPU.ActiveCfg = Debug|Any CPU
		{35E56EEA-4638-4E6A-83EA-131323DE374A}.Debug|Any CPU.Build.0 = Debug|Any CPU
		{35E56EEA-4638-4E6A-83EA-131323DE374A}.Release|Any CPU.ActiveCfg = Release|Any CPU
		{35E56EEA-4638-4E6A-83EA-131323DE374A}.Release|Any CPU.Build.0 = Release|Any CPU
	EndGlobalSection
	GlobalSection(SolutionProperties) = preSolution
		HideSolutionNode = FALSE
	EndGlobalSection
	GlobalSection(ExtensibilityGlobals) = postSolution
		SolutionGuid = {6DD340D4-C47B-4256-9286-C7BD30CE0A10}
	EndGlobalSection
EndGlobal
