
Microsoft Visual Studio Solution File, Format Version 12.00
# Visual Studio Version 16
VisualStudioVersion = 16.0.31005.135
MinimumVisualStudioVersion = 10.0.40219.1
Project("{FAE04EC0-301F-11D3-BF4B-00C04F79EFBC}") = "SQL.Task8.Ado", "SQL.Task8.Ado\SQL.Task8.Ado.csproj", "{F2A63582-B20B-4ADC-9578-2A81ADDE8E96}"
EndProject
Global
	GlobalSection(SolutionConfigurationPlatforms) = preSolution
		Debug|Any CPU = Debug|Any CPU
		Release|Any CPU = Release|Any CPU
	EndGlobalSection
	GlobalSection(ProjectConfigurationPlatforms) = postSolution
		{F2A63582-B20B-4ADC-9578-2A81ADDE8E96}.Debug|Any CPU.ActiveCfg = Debug|Any CPU
		{F2A63582-B20B-4ADC-9578-2A81ADDE8E96}.Debug|Any CPU.Build.0 = Debug|Any CPU
		{F2A63582-B20B-4ADC-9578-2A81ADDE8E96}.Release|Any CPU.ActiveCfg = Release|Any CPU
		{F2A63582-B20B-4ADC-9578-2A81ADDE8E96}.Release|Any CPU.Build.0 = Release|Any CPU
	EndGlobalSection
	GlobalSection(SolutionProperties) = preSolution
		HideSolutionNode = FALSE
	EndGlobalSection
	GlobalSection(ExtensibilityGlobals) = postSolution
		SolutionGuid = {DEEF1C57-441D-4ADD-BE73-81B673EDC71A}
	EndGlobalSection
EndGlobal
